
Microsoft Visual Studio Solution File, Format Version 12.00
# Visual Studio Version 17
VisualStudioVersion = 17.14.36212.18 d17.14
MinimumVisualStudioVersion = 10.0.40219.1
Project("{FAE04EC0-301F-11D3-BF4B-00C04F79EFBC}") = "CineManager Web", "CineManager Web.csproj", "{D7F2F3C9-9117-4E11-BED9-125983F7C27A}"
EndProject
Global
	GlobalSection(SolutionConfigurationPlatforms) = preSolution
		Debug|Any CPU = Debug|Any CPU
		Release|Any CPU = Release|Any CPU
	EndGlobalSection
	GlobalSection(ProjectConfigurationPlatforms) = postSolution
		{D7F2F3C9-9117-4E11-BED9-125983F7C27A}.Debug|Any CPU.ActiveCfg = Debug|Any CPU
		{D7F2F3C9-9117-4E11-BED9-125983F7C27A}.Debug|Any CPU.Build.0 = Debug|Any CPU
		{D7F2F3C9-9117-4E11-BED9-125983F7C27A}.Release|Any CPU.ActiveCfg = Release|Any CPU
		{D7F2F3C9-9117-4E11-BED9-125983F7C27A}.Release|Any CPU.Build.0 = Release|Any CPU
	EndGlobalSection
	GlobalSection(SolutionProperties) = preSolution
		HideSolutionNode = FALSE
	EndGlobalSection
	GlobalSection(ExtensibilityGlobals) = postSolution
		SolutionGuid = {EE0CBE60-3982-4F2D-8EB0-C0A4E3A23F30}
	EndGlobalSection
EndGlobal
